
Microsoft Visual Studio Solution File, Format Version 12.00
# Visual Studio Version 17
VisualStudioVersion = 17.12.35527.113 d17.12
MinimumVisualStudioVersion = 10.0.40219.1
Project("{FAE04EC0-301F-11D3-BF4B-00C04F79EFBC}") = "Weather App", "Weather App\Weather App.csproj", "{3551D86F-2A1D-4CDA-9917-6C423A223CFE}"
EndProject
Global
	GlobalSection(SolutionConfigurationPlatforms) = preSolution
		Debug|Any CPU = Debug|Any CPU
		Release|Any CPU = Release|Any CPU
	EndGlobalSection
	GlobalSection(ProjectConfigurationPlatforms) = postSolution
		{3551D86F-2A1D-4CDA-9917-6C423A223CFE}.Debug|Any CPU.ActiveCfg = Debug|Any CPU
		{3551D86F-2A1D-4CDA-9917-6C423A223CFE}.Debug|Any CPU.Build.0 = Debug|Any CPU
		{3551D86F-2A1D-4CDA-9917-6C423A223CFE}.Release|Any CPU.ActiveCfg = Release|Any CPU
		{3551D86F-2A1D-4CDA-9917-6C423A223CFE}.Release|Any CPU.Build.0 = Release|Any CPU
	EndGlobalSection
	GlobalSection(SolutionProperties) = preSolution
		HideSolutionNode = FALSE
	EndGlobalSection
EndGlobal
